
Microsoft Visual Studio Solution File, Format Version 12.00
# Visual Studio Version 17
VisualStudioVersion = 17.11.35327.3
MinimumVisualStudioVersion = 10.0.40219.1
Project("{FAE04EC0-301F-11D3-BF4B-00C04F79EFBC}") = "API.Entity Framework", "API.Entity Framework\API.Entity Framework.csproj", "{D91E70F2-D5C5-4F79-AA92-AF7C38A5C6C0}"
EndProject
Global
	GlobalSection(SolutionConfigurationPlatforms) = preSolution
		Debug|Any CPU = Debug|Any CPU
		Release|Any CPU = Release|Any CPU
	EndGlobalSection
	GlobalSection(ProjectConfigurationPlatforms) = postSolution
		{D91E70F2-D5C5-4F79-AA92-AF7C38A5C6C0}.Debug|Any CPU.ActiveCfg = Debug|Any CPU
		{D91E70F2-D5C5-4F79-AA92-AF7C38A5C6C0}.Debug|Any CPU.Build.0 = Debug|Any CPU
		{D91E70F2-D5C5-4F79-AA92-AF7C38A5C6C0}.Release|Any CPU.ActiveCfg = Release|Any CPU
		{D91E70F2-D5C5-4F79-AA92-AF7C38A5C6C0}.Release|Any CPU.Build.0 = Release|Any CPU
	EndGlobalSection
	GlobalSection(SolutionProperties) = preSolution
		HideSolutionNode = FALSE
	EndGlobalSection
	GlobalSection(ExtensibilityGlobals) = postSolution
		SolutionGuid = {E5EDA941-37FF-438F-BA65-32101216AC76}
	EndGlobalSection
EndGlobal
